
Microsoft Visual Studio Solution File, Format Version 12.00
# Visual Studio 15
VisualStudioVersion = 15.0.27703.2042
MinimumVisualStudioVersion = 10.0.40219.1
Project("{FAE04EC0-301F-11D3-BF4B-00C04F79EFBC}") = "SummerAndi.TextToCodeLogic", "SummerAndi.TextToCodeLogic\SummerAndi.TextToCodeLogic.csproj", "{17DD9C8A-A063-4F49-8C21-606239FF9AA3}"
EndProject
Project("{FAE04EC0-301F-11D3-BF4B-00C04F79EFBC}") = "SummerAndi.TextToCodeApplication", "SummerAndi.TextToCodeApplication\SummerAndi.TextToCodeApplication.csproj", "{DFF20E2F-DC2A-44B6-9847-0BA9D022C315}"
EndProject
Project("{FAE04EC0-301F-11D3-BF4B-00C04F79EFBC}") = "SummerAndi.TextToCodeTest", "SummerAndi.TextToCodeTest\SummerAndi.TextToCodeTest.csproj", "{4928FC7B-6259-43BE-9C86-886CA75E672A}"
EndProject
Global
	GlobalSection(SolutionConfigurationPlatforms) = preSolution
		Debug|Any CPU = Debug|Any CPU
		Release|Any CPU = Release|Any CPU
	EndGlobalSection
	GlobalSection(ProjectConfigurationPlatforms) = postSolution
		{17DD9C8A-A063-4F49-8C21-606239FF9AA3}.Debug|Any CPU.ActiveCfg = Debug|Any CPU
		{17DD9C8A-A063-4F49-8C21-606239FF9AA3}.Debug|Any CPU.Build.0 = Debug|Any CPU
		{17DD9C8A-A063-4F49-8C21-606239FF9AA3}.Release|Any CPU.ActiveCfg = Release|Any CPU
		{17DD9C8A-A063-4F49-8C21-606239FF9AA3}.Release|Any CPU.Build.0 = Release|Any CPU
		{DFF20E2F-DC2A-44B6-9847-0BA9D022C315}.Debug|Any CPU.ActiveCfg = Debug|Any CPU
		{DFF20E2F-DC2A-44B6-9847-0BA9D022C315}.Debug|Any CPU.Build.0 = Debug|Any CPU
		{DFF20E2F-DC2A-44B6-9847-0BA9D022C315}.Release|Any CPU.ActiveCfg = Release|Any CPU
		{DFF20E2F-DC2A-44B6-9847-0BA9D022C315}.Release|Any CPU.Build.0 = Release|Any CPU
		{4928FC7B-6259-43BE-9C86-886CA75E672A}.Debug|Any CPU.ActiveCfg = Debug|Any CPU
		{4928FC7B-6259-43BE-9C86-886CA75E672A}.Debug|Any CPU.Build.0 = Debug|Any CPU
		{4928FC7B-6259-43BE-9C86-886CA75E672A}.Release|Any CPU.ActiveCfg = Release|Any CPU
		{4928FC7B-6259-43BE-9C86-886CA75E672A}.Release|Any CPU.Build.0 = Release|Any CPU
	EndGlobalSection
	GlobalSection(SolutionProperties) = preSolution
		HideSolutionNode = FALSE
	EndGlobalSection
	GlobalSection(ExtensibilityGlobals) = postSolution
		SolutionGuid = {0A01F1C6-D348-4284-890C-FAF7F6414EE2}
	EndGlobalSection
EndGlobal
